
Microsoft Visual Studio Solution File, Format Version 12.00
# Visual Studio Version 17
VisualStudioVersion = 17.8.34330.188
MinimumVisualStudioVersion = 10.0.40219.1
Project("{9A19103F-16F7-4668-BE54-9A1E7A4F7556}") = "C4.Game", "C4.Game\C4.Game.csproj", "{EF98102A-CEA4-4032-898A-FA2FB437DAFF}"
EndProject
Global
	GlobalSection(SolutionConfigurationPlatforms) = preSolution
		Debug|Any CPU = Debug|Any CPU
		Release|Any CPU = Release|Any CPU
	EndGlobalSection
	GlobalSection(ProjectConfigurationPlatforms) = postSolution
		{EF98102A-CEA4-4032-898A-FA2FB437DAFF}.Debug|Any CPU.ActiveCfg = Debug|Any CPU
		{EF98102A-CEA4-4032-898A-FA2FB437DAFF}.Debug|Any CPU.Build.0 = Debug|Any CPU
		{EF98102A-CEA4-4032-898A-FA2FB437DAFF}.Release|Any CPU.ActiveCfg = Release|Any CPU
		{EF98102A-CEA4-4032-898A-FA2FB437DAFF}.Release|Any CPU.Build.0 = Release|Any CPU
	EndGlobalSection
	GlobalSection(SolutionProperties) = preSolution
		HideSolutionNode = FALSE
	EndGlobalSection
	GlobalSection(ExtensibilityGlobals) = postSolution
		SolutionGuid = {D2E84C2E-A3EF-467B-9A2F-2796115E4831}
	EndGlobalSection
EndGlobal
